
Microsoft Visual Studio Solution File, Format Version 12.00
# Visual Studio Version 17
VisualStudioVersion = 17.8.34112.27
MinimumVisualStudioVersion = 10.0.40219.1
Project("{FAE04EC0-301F-11D3-BF4B-00C04F79EFBC}") = "Notifications.Api", "Notifications.Api\Notifications.Api.csproj", "{DCA7CF08-919E-46AF-9D73-E22CEE36B771}"
EndProject
Project("{FAE04EC0-301F-11D3-BF4B-00C04F79EFBC}") = "Notifications.Client", "Notifications.Client\Notifications.Client.csproj", "{B7F48A32-2718-49CB-83F0-F5A5ACC3C667}"
EndProject
Global
	GlobalSection(SolutionConfigurationPlatforms) = preSolution
		Debug|Any CPU = Debug|Any CPU
		Release|Any CPU = Release|Any CPU
	EndGlobalSection
	GlobalSection(ProjectConfigurationPlatforms) = postSolution
		{DCA7CF08-919E-46AF-9D73-E22CEE36B771}.Debug|Any CPU.ActiveCfg = Debug|Any CPU
		{DCA7CF08-919E-46AF-9D73-E22CEE36B771}.Debug|Any CPU.Build.0 = Debug|Any CPU
		{DCA7CF08-919E-46AF-9D73-E22CEE36B771}.Release|Any CPU.ActiveCfg = Release|Any CPU
		{DCA7CF08-919E-46AF-9D73-E22CEE36B771}.Release|Any CPU.Build.0 = Release|Any CPU
		{B7F48A32-2718-49CB-83F0-F5A5ACC3C667}.Debug|Any CPU.ActiveCfg = Debug|Any CPU
		{B7F48A32-2718-49CB-83F0-F5A5ACC3C667}.Debug|Any CPU.Build.0 = Debug|Any CPU
		{B7F48A32-2718-49CB-83F0-F5A5ACC3C667}.Release|Any CPU.ActiveCfg = Release|Any CPU
		{B7F48A32-2718-49CB-83F0-F5A5ACC3C667}.Release|Any CPU.Build.0 = Release|Any CPU
	EndGlobalSection
	GlobalSection(SolutionProperties) = preSolution
		HideSolutionNode = FALSE
	EndGlobalSection
	GlobalSection(ExtensibilityGlobals) = postSolution
		SolutionGuid = {1388F71C-F569-43F0-90C9-C3A5FAB83689}
	EndGlobalSection
EndGlobal
